// !$*UTF8*$!
{
	archiveVersion = 1;
	classes = {
	};
	objectVersion = 46;
	objects = {

/* Begin PBXBuildFile section */
		38114EDD1692F83C00BE64B4 /* MediaPlayer.framework in Frameworks */ = {isa = PBXBuildFile; fileRef = 38114EDB1692F82E00BE64B4 /* MediaPlayer.framework */; };
		38114EE11693D99800BE64B4 /* lens@2x.png in Resources */ = {isa = PBXBuildFile; fileRef = 38114EE01693D99800BE64B4 /* lens@2x.png */; };
		38114EE81693DAC600BE64B4 /* icon.png in Resources */ = {isa = PBXBuildFile; fileRef = 38114EE61693D9F200BE64B4 /* icon.png */; };
		38114EE91693DAC900BE64B4 /* icon@2x.png in Resources */ = {isa = PBXBuildFile; fileRef = 38114EE41693D9D000BE64B4 /* icon@2x.png */; };
		38114EEF1693E51C00BE64B4 /* icon~ipad@2x.png in Resources */ = {isa = PBXBuildFile; fileRef = 38114EEE1693E51B00BE64B4 /* icon~ipad@2x.png */; };
		38114EF11693E52C00BE64B4 /* icon~ipad.png in Resources */ = {isa = PBXBuildFile; fileRef = 38114EF01693E52B00BE64B4 /* icon~ipad.png */; };
		382758E21690DEAA000D537C /* video.png in Resources */ = {isa = PBXBuildFile; fileRef = 382758E01690DEAA000D537C /* video.png */; };
		382758E31690DEAA000D537C /* video@2x.png in Resources */ = {isa = PBXBuildFile; fileRef = 382758E11690DEAA000D537C /* video@2x.png */; };
		382758E71690E0EE000D537C /* CSRecordingListViewController.m in Sources */ = {isa = PBXBuildFile; fileRef = 382758E61690E0EE000D537C /* CSRecordingListViewController.m */; };
		382758EA1690E745000D537C /* side_top.png in Resources */ = {isa = PBXBuildFile; fileRef = 382758E81690E745000D537C /* side_top.png */; };
		382758EB1690E745000D537C /* side_top@2x.png in Resources */ = {isa = PBXBuildFile; fileRef = 382758E91690E745000D537C /* side_top@2x.png */; };
		382758EF1690EF45000D537C /* lens.png in Resources */ = {isa = PBXBuildFile; fileRef = 382758EE1690EF45000D537C /* lens.png */; };
		382758F11690F307000D537C /* Default-568h@2x.png in Resources */ = {isa = PBXBuildFile; fileRef = 382758F01690F307000D537C /* Default-568h@2x.png */; };
		382758F41690F43B000D537C /* AVFoundation.framework in Frameworks */ = {isa = PBXBuildFile; fileRef = 382758F21690F40C000D537C /* AVFoundation.framework */; };
		382758F91692563A000D537C /* CoreVideo.framework in Frameworks */ = {isa = PBXBuildFile; fileRef = 382758F716925634000D537C /* CoreVideo.framework */; };
		382758FC1692565F000D537C /* CoreMedia.framework in Frameworks */ = {isa = PBXBuildFile; fileRef = 382758FA16925657000D537C /* CoreMedia.framework */; };
		389BCCFA169010CF00877CA5 /* UIKit.framework in Frameworks */ = {isa = PBXBuildFile; fileRef = 389BCCF9169010CF00877CA5 /* UIKit.framework */; };
		389BCCFC169010CF00877CA5 /* Foundation.framework in Frameworks */ = {isa = PBXBuildFile; fileRef = 389BCCFB169010CF00877CA5 /* Foundation.framework */; };
		389BCCFE169010CF00877CA5 /* CoreGraphics.framework in Frameworks */ = {isa = PBXBuildFile; fileRef = 389BCCFD169010CF00877CA5 /* CoreGraphics.framework */; };
		389BCD04169010CF00877CA5 /* InfoPlist.strings in Resources */ = {isa = PBXBuildFile; fileRef = 389BCD02169010CF00877CA5 /* InfoPlist.strings */; };
		389BCD06169010CF00877CA5 /* main.m in Sources */ = {isa = PBXBuildFile; fileRef = 389BCD05169010CF00877CA5 /* main.m */; };
		389BCD0A169010CF00877CA5 /* CSAppDelegate.m in Sources */ = {isa = PBXBuildFile; fileRef = 389BCD09169010CF00877CA5 /* CSAppDelegate.m */; };
		389BCD2E1690113900877CA5 /* CSRecordViewController.m in Sources */ = {isa = PBXBuildFile; fileRef = 389BCD2C1690113900877CA5 /* CSRecordViewController.m */; };
		389BCD2F1690113900877CA5 /* CSRecordViewController.xib in Resources */ = {isa = PBXBuildFile; fileRef = 389BCD2D1690113900877CA5 /* CSRecordViewController.xib */; };
/* End PBXBuildFile section */

/* Begin PBXFileReference section */
		38114EC21692D88A00BE64B4 /* IOBSD.h */ = {isa = PBXFileReference; fileEncoding = 4; lastKnownFileType = sourcecode.c.h; path = IOBSD.h; sourceTree = "<group>"; };
		38114EC31692D88A00BE64B4 /* IOCFBundle.h */ = {isa = PBXFileReference; fileEncoding = 4; lastKnownFileType = sourcecode.c.h; path = IOCFBundle.h; sourceTree = "<group>"; };
		38114EC41692D88A00BE64B4 /* IOCFPlugIn.h */ = {isa = PBXFileReference; fileEncoding = 4; lastKnownFileType = sourcecode.c.h; path = IOCFPlugIn.h; sourceTree = "<group>"; };
		38114EC51692D88A00BE64B4 /* IOCFSerialize.h */ = {isa = PBXFileReference; fileEncoding = 4; lastKnownFileType = sourcecode.c.h; path = IOCFSerialize.h; sourceTree = "<group>"; };
		38114EC61692D88A00BE64B4 /* IOCFUnserialize.h */ = {isa = PBXFileReference; fileEncoding = 4; lastKnownFileType = sourcecode.c.h; path = IOCFUnserialize.h; sourceTree = "<group>"; };
		38114EC71692D88A00BE64B4 /* IOCFURLAccess.h */ = {isa = PBXFileReference; fileEncoding = 4; lastKnownFileType = sourcecode.c.h; path = IOCFURLAccess.h; sourceTree = "<group>"; };
		38114EC81692D88A00BE64B4 /* IODataQueueClient.h */ = {isa = PBXFileReference; fileEncoding = 4; lastKnownFileType = sourcecode.c.h; path = IODataQueueClient.h; sourceTree = "<group>"; };
		38114EC91692D88A00BE64B4 /* IODataQueueShared.h */ = {isa = PBXFileReference; fileEncoding = 4; lastKnownFileType = sourcecode.c.h; path = IODataQueueShared.h; sourceTree = "<group>"; };
		38114ECA1692D88A00BE64B4 /* IOKitKeys.h */ = {isa = PBXFileReference; fileEncoding = 4; lastKnownFileType = sourcecode.c.h; path = IOKitKeys.h; sourceTree = "<group>"; };
		38114ECB1692D88A00BE64B4 /* IOKitLib.h */ = {isa = PBXFileReference; fileEncoding = 4; lastKnownFileType = sourcecode.c.h; path = IOKitLib.h; sourceTree = "<group>"; };
		38114ECC1692D88A00BE64B4 /* iokitmig.h */ = {isa = PBXFileReference; fileEncoding = 4; lastKnownFileType = sourcecode.c.h; path = iokitmig.h; sourceTree = "<group>"; };
		38114ECD1692D88A00BE64B4 /* IOKitServer.h */ = {isa = PBXFileReference; fileEncoding = 4; lastKnownFileType = sourcecode.c.h; path = IOKitServer.h; sourceTree = "<group>"; };
		38114ECE1692D88A00BE64B4 /* IOMessage.h */ = {isa = PBXFileReference; fileEncoding = 4; lastKnownFileType = sourcecode.c.h; path = IOMessage.h; sourceTree = "<group>"; };
		38114ECF1692D88A00BE64B4 /* IOReturn.h */ = {isa = PBXFileReference; fileEncoding = 4; lastKnownFileType = sourcecode.c.h; path = IOReturn.h; sourceTree = "<group>"; };
		38114ED01692D88A00BE64B4 /* IOSharedLock.h */ = {isa = PBXFileReference; fileEncoding = 4; lastKnownFileType = sourcecode.c.h; path = IOSharedLock.h; sourceTree = "<group>"; };
		38114ED11692D88A00BE64B4 /* IOTypes.h */ = {isa = PBXFileReference; fileEncoding = 4; lastKnownFileType = sourcecode.c.h; path = IOTypes.h; sourceTree = "<group>"; };
		38114ED21692D88A00BE64B4 /* OSMessageNotification.h */ = {isa = PBXFileReference; fileEncoding = 4; lastKnownFileType = sourcecode.c.h; path = OSMessageNotification.h; sourceTree = "<group>"; };
		38114ED31692D88A00BE64B4 /* IOMobileFrameBuffer.h */ = {isa = PBXFileReference; fileEncoding = 4; lastKnownFileType = sourcecode.c.h; path = IOMobileFrameBuffer.h; sourceTree = "<group>"; };
		38114ED51692DA6900BE64B4 /* CoreSurface.h */ = {isa = PBXFileReference; fileEncoding = 4; lastKnownFileType = sourcecode.c.h; path = CoreSurface.h; sourceTree = "<group>"; };
		38114ED81692E8B000BE64B4 /* IOSurface.h */ = {isa = PBXFileReference; fileEncoding = 4; lastKnownFileType = sourcecode.c.h; path = IOSurface.h; sourceTree = "<group>"; };
		38114ED91692E8B000BE64B4 /* IOSurfaceAPI.h */ = {isa = PBXFileReference; fileEncoding = 4; lastKnownFileType = sourcecode.c.h; path = IOSurfaceAPI.h; sourceTree = "<group>"; };
		38114EDA1692E8B000BE64B4 /* IOSurfaceBase.h */ = {isa = PBXFileReference; fileEncoding = 4; lastKnownFileType = sourcecode.c.h; path = IOSurfaceBase.h; sourceTree = "<group>"; };
		38114EDB1692F82E00BE64B4 /* MediaPlayer.framework */ = {isa = PBXFileReference; lastKnownFileType = wrapper.framework; name = MediaPlayer.framework; path = System/Library/Frameworks/MediaPlayer.framework; sourceTree = SDKROOT; };
		38114EE01693D99800BE64B4 /* lens@2x.png */ = {isa = PBXFileReference; lastKnownFileType = image.png; path = "lens@2x.png"; sourceTree = "<group>"; };
		38114EE41693D9D000BE64B4 /* icon@2x.png */ = {isa = PBXFileReference; lastKnownFileType = image.png; name = "icon@2x.png"; path = "../icon@2x.png"; sourceTree = "<group>"; };
		38114EE61693D9F200BE64B4 /* icon.png */ = {isa = PBXFileReference; lastKnownFileType = image.png; name = icon.png; path = ../icon.png; sourceTree = "<group>"; };
		38114EEE1693E51B00BE64B4 /* icon~ipad@2x.png */ = {isa = PBXFileReference; lastKnownFileType = image.png; path = "icon~ipad@2x.png"; sourceTree = SOURCE_ROOT; };
		38114EF01693E52B00BE64B4 /* icon~ipad.png */ = {isa = PBXFileReference; lastKnownFileType = image.png; path = "icon~ipad.png"; sourceTree = SOURCE_ROOT; };
		382758E01690DEAA000D537C /* video.png */ = {isa = PBXFileReference; lastKnownFileType = image.png; path = video.png; sourceTree = "<group>"; };
		382758E11690DEAA000D537C /* video@2x.png */ = {isa = PBXFileReference; lastKnownFileType = image.png; path = "video@2x.png"; sourceTree = "<group>"; };
		382758E51690E0EE000D537C /* CSRecordingListViewController.h */ = {isa = PBXFileReference; fileEncoding = 4; lastKnownFileType = sourcecode.c.h; path = CSRecordingListViewController.h; sourceTree = "<group>"; };
		382758E61690E0EE000D537C /* CSRecordingListViewController.m */ = {isa = PBXFileReference; fileEncoding = 4; lastKnownFileType = sourcecode.c.objc; path = CSRecordingListViewController.m; sourceTree = "<group>"; };
		382758E81690E745000D537C /* side_top.png */ = {isa = PBXFileReference; lastKnownFileType = image.png; path = side_top.png; sourceTree = "<group>"; };
		382758E91690E745000D537C /* side_top@2x.png */ = {isa = PBXFileReference; lastKnownFileType = image.png; path = "side_top@2x.png"; sourceTree = "<group>"; };
		382758EE1690EF45000D537C /* lens.png */ = {isa = PBXFileReference; lastKnownFileType = image.png; path = lens.png; sourceTree = "<group>"; };
		382758F01690F307000D537C /* Default-568h@2x.png */ = {isa = PBXFileReference; lastKnownFileType = image.png; path = "Default-568h@2x.png"; sourceTree = "<group>"; };
		382758F21690F40C000D537C /* AVFoundation.framework */ = {isa = PBXFileReference; lastKnownFileType = wrapper.framework; name = AVFoundation.framework; path = System/Library/Frameworks/AVFoundation.framework; sourceTree = SDKROOT; };
		382758F716925634000D537C /* CoreVideo.framework */ = {isa = PBXFileReference; lastKnownFileType = wrapper.framework; name = CoreVideo.framework; path = System/Library/Frameworks/CoreVideo.framework; sourceTree = SDKROOT; };
		382758FA16925657000D537C /* CoreMedia.framework */ = {isa = PBXFileReference; lastKnownFileType = wrapper.framework; name = CoreMedia.framework; path = System/Library/Frameworks/CoreMedia.framework; sourceTree = SDKROOT; };
		389BCCF5169010CF00877CA5 /* RecordMyScreen.app */ = {isa = PBXFileReference; explicitFileType = wrapper.application; includeInIndex = 0; path = RecordMyScreen.app; sourceTree = BUILT_PRODUCTS_DIR; };
		389BCCF9169010CF00877CA5 /* UIKit.framework */ = {isa = PBXFileReference; lastKnownFileType = wrapper.framework; name = UIKit.framework; path = System/Library/Frameworks/UIKit.framework; sourceTree = SDKROOT; };
		389BCCFB169010CF00877CA5 /* Foundation.framework */ = {isa = PBXFileReference; lastKnownFileType = wrapper.framework; name = Foundation.framework; path = System/Library/Frameworks/Foundation.framework; sourceTree = SDKROOT; };
		389BCCFD169010CF00877CA5 /* CoreGraphics.framework */ = {isa = PBXFileReference; lastKnownFileType = wrapper.framework; name = CoreGraphics.framework; path = System/Library/Frameworks/CoreGraphics.framework; sourceTree = SDKROOT; };
		389BCD01169010CF00877CA5 /* RecordMyScreen-Info.plist */ = {isa = PBXFileReference; lastKnownFileType = text.plist.xml; path = "RecordMyScreen-Info.plist"; sourceTree = "<group>"; };
		389BCD03169010CF00877CA5 /* en */ = {isa = PBXFileReference; lastKnownFileType = text.plist.strings; name = en; path = en.lproj/InfoPlist.strings; sourceTree = "<group>"; };
		389BCD05169010CF00877CA5 /* main.m */ = {isa = PBXFileReference; lastKnownFileType = sourcecode.c.objc; path = main.m; sourceTree = "<group>"; };
		389BCD07169010CF00877CA5 /* RecordMyScreen-Prefix.pch */ = {isa = PBXFileReference; lastKnownFileType = sourcecode.c.h; path = "RecordMyScreen-Prefix.pch"; sourceTree = "<group>"; };
		389BCD08169010CF00877CA5 /* CSAppDelegate.h */ = {isa = PBXFileReference; lastKnownFileType = sourcecode.c.h; path = CSAppDelegate.h; sourceTree = "<group>"; };
		389BCD09169010CF00877CA5 /* CSAppDelegate.m */ = {isa = PBXFileReference; lastKnownFileType = sourcecode.c.objc; path = CSAppDelegate.m; sourceTree = "<group>"; };
		389BCD2B1690113900877CA5 /* CSRecordViewController.h */ = {isa = PBXFileReference; fileEncoding = 4; lastKnownFileType = sourcecode.c.h; path = CSRecordViewController.h; sourceTree = "<group>"; };
		389BCD2C1690113900877CA5 /* CSRecordViewController.m */ = {isa = PBXFileReference; fileEncoding = 4; lastKnownFileType = sourcecode.c.objc; path = CSRecordViewController.m; sourceTree = "<group>"; };
		389BCD2D1690113900877CA5 /* CSRecordViewController.xib */ = {isa = PBXFileReference; fileEncoding = 4; lastKnownFileType = file.xib; path = CSRecordViewController.xib; sourceTree = "<group>"; };
/* End PBXFileReference section */

/* Begin PBXFrameworksBuildPhase section */
		389BCCF2169010CF00877CA5 /* Frameworks */ = {
			isa = PBXFrameworksBuildPhase;
			buildActionMask = 2147483647;
			files = (
				382758F41690F43B000D537C /* AVFoundation.framework in Frameworks */,
				389BCCFA169010CF00877CA5 /* UIKit.framework in Frameworks */,
				389BCCFC169010CF00877CA5 /* Foundation.framework in Frameworks */,
				389BCCFE169010CF00877CA5 /* CoreGraphics.framework in Frameworks */,
				382758FC1692565F000D537C /* CoreMedia.framework in Frameworks */,
				382758F91692563A000D537C /* CoreVideo.framework in Frameworks */,
				38114EDD1692F83C00BE64B4 /* MediaPlayer.framework in Frameworks */,
			);
			runOnlyForDeploymentPostprocessing = 0;
		};
/* End PBXFrameworksBuildPhase section */

/* Begin PBXGroup section */
		38114EC01692D88A00BE64B4 /* headers */ = {
			isa = PBXGroup;
			children = (
				38114ED41692DA6900BE64B4 /* CoreSurface */,
				38114EC11692D88A00BE64B4 /* IOKit */,
				38114ED71692E8B000BE64B4 /* IOSurface */,
				38114ED31692D88A00BE64B4 /* IOMobileFrameBuffer.h */,
			);
			path = headers;
			sourceTree = "<group>";
		};
		38114EC11692D88A00BE64B4 /* IOKit */ = {
			isa = PBXGroup;
			children = (
				38114EC21692D88A00BE64B4 /* IOBSD.h */,
				38114EC31692D88A00BE64B4 /* IOCFBundle.h */,
				38114EC41692D88A00BE64B4 /* IOCFPlugIn.h */,
				38114EC51692D88A00BE64B4 /* IOCFSerialize.h */,
				38114EC61692D88A00BE64B4 /* IOCFUnserialize.h */,
				38114EC71692D88A00BE64B4 /* IOCFURLAccess.h */,
				38114EC81692D88A00BE64B4 /* IODataQueueClient.h */,
				38114EC91692D88A00BE64B4 /* IODataQueueShared.h */,
				38114ECA1692D88A00BE64B4 /* IOKitKeys.h */,
				38114ECB1692D88A00BE64B4 /* IOKitLib.h */,
				38114ECC1692D88A00BE64B4 /* iokitmig.h */,
				38114ECD1692D88A00BE64B4 /* IOKitServer.h */,
				38114ECE1692D88A00BE64B4 /* IOMessage.h */,
				38114ECF1692D88A00BE64B4 /* IOReturn.h */,
				38114ED01692D88A00BE64B4 /* IOSharedLock.h */,
				38114ED11692D88A00BE64B4 /* IOTypes.h */,
				38114ED21692D88A00BE64B4 /* OSMessageNotification.h */,
			);
			path = IOKit;
			sourceTree = "<group>";
		};
		38114ED41692DA6900BE64B4 /* CoreSurface */ = {
			isa = PBXGroup;
			children = (
				38114ED51692DA6900BE64B4 /* CoreSurface.h */,
			);
			path = CoreSurface;
			sourceTree = "<group>";
		};
		38114ED71692E8B000BE64B4 /* IOSurface */ = {
			isa = PBXGroup;
			children = (
				38114ED81692E8B000BE64B4 /* IOSurface.h */,
				38114ED91692E8B000BE64B4 /* IOSurfaceAPI.h */,
				38114EDA1692E8B000BE64B4 /* IOSurfaceBase.h */,
			);
			name = IOSurface;
			path = Headers;
			sourceTree = "<group>";
		};
		382758E41690E0A7000D537C /* CSRecordingListController */ = {
			isa = PBXGroup;
			children = (
				382758E51690E0EE000D537C /* CSRecordingListViewController.h */,
				382758E61690E0EE000D537C /* CSRecordingListViewController.m */,
			);
			name = CSRecordingListController;
			sourceTree = "<group>";
		};
		389BCCEA169010CF00877CA5 = {
			isa = PBXGroup;
			children = (
				389BCCFF169010CF00877CA5 /* RecordMyScreen */,
				389BCCF8169010CF00877CA5 /* Frameworks */,
				389BCCF6169010CF00877CA5 /* Products */,
			);
			sourceTree = "<group>";
		};
		389BCCF6169010CF00877CA5 /* Products */ = {
			isa = PBXGroup;
			children = (
				389BCCF5169010CF00877CA5 /* RecordMyScreen.app */,
			);
			name = Products;
			sourceTree = "<group>";
		};
		389BCCF8169010CF00877CA5 /* Frameworks */ = {
			isa = PBXGroup;
			children = (
				38114EDB1692F82E00BE64B4 /* MediaPlayer.framework */,
				382758FA16925657000D537C /* CoreMedia.framework */,
				382758F716925634000D537C /* CoreVideo.framework */,
				382758F21690F40C000D537C /* AVFoundation.framework */,
				389BCCF9169010CF00877CA5 /* UIKit.framework */,
				389BCCFB169010CF00877CA5 /* Foundation.framework */,
				389BCCFD169010CF00877CA5 /* CoreGraphics.framework */,
			);
			name = Frameworks;
			sourceTree = "<group>";
		};
		389BCCFF169010CF00877CA5 /* RecordMyScreen */ = {
			isa = PBXGroup;
			children = (
				389BCD2A169010FB00877CA5 /* CSRecordViewController */,
				382758E41690E0A7000D537C /* CSRecordingListController */,
				389BCD08169010CF00877CA5 /* CSAppDelegate.h */,
				389BCD09169010CF00877CA5 /* CSAppDelegate.m */,
				389BCD00169010CF00877CA5 /* Supporting Files */,
			);
			path = RecordMyScreen;
			sourceTree = "<group>";
		};
		389BCD00169010CF00877CA5 /* Supporting Files */ = {
			isa = PBXGroup;
			children = (
				38114EC01692D88A00BE64B4 /* headers */,
				382758F01690F307000D537C /* Default-568h@2x.png */,
				38114EE61693D9F200BE64B4 /* icon.png */,
				38114EE41693D9D000BE64B4 /* icon@2x.png */,
				38114EF01693E52B00BE64B4 /* icon~ipad.png */,
				38114EEE1693E51B00BE64B4 /* icon~ipad@2x.png */,
				382758EE1690EF45000D537C /* lens.png */,
				38114EE01693D99800BE64B4 /* lens@2x.png */,
				382758E81690E745000D537C /* side_top.png */,
				382758E91690E745000D537C /* side_top@2x.png */,
				382758E01690DEAA000D537C /* video.png */,
				382758E11690DEAA000D537C /* video@2x.png */,
				389BCD01169010CF00877CA5 /* RecordMyScreen-Info.plist */,
				389BCD02169010CF00877CA5 /* InfoPlist.strings */,
				389BCD05169010CF00877CA5 /* main.m */,
				389BCD07169010CF00877CA5 /* RecordMyScreen-Prefix.pch */,
			);
			name = "Supporting Files";
			sourceTree = "<group>";
		};
		389BCD2A169010FB00877CA5 /* CSRecordViewController */ = {
			isa = PBXGroup;
			children = (
				389BCD2B1690113900877CA5 /* CSRecordViewController.h */,
				389BCD2C1690113900877CA5 /* CSRecordViewController.m */,
				389BCD2D1690113900877CA5 /* CSRecordViewController.xib */,
			);
			name = CSRecordViewController;
			sourceTree = "<group>";
		};
/* End PBXGroup section */

/* Begin PBXNativeTarget section */
		389BCCF4169010CF00877CA5 /* RecordMyScreen */ = {
			isa = PBXNativeTarget;
			buildConfigurationList = 389BCD27169010CF00877CA5 /* Build configuration list for PBXNativeTarget "RecordMyScreen" */;
			buildPhases = (
				389BCCF1169010CF00877CA5 /* Sources */,
				389BCCF2169010CF00877CA5 /* Frameworks */,
				389BCCF3169010CF00877CA5 /* Resources */,
			);
			buildRules = (
			);
			dependencies = (
			);
			name = RecordMyScreen;
			productName = RecordMyScreen;
			productReference = 389BCCF5169010CF00877CA5 /* RecordMyScreen.app */;
			productType = "com.apple.product-type.application";
		};
/* End PBXNativeTarget section */

/* Begin PBXProject section */
		389BCCEC169010CF00877CA5 /* Project object */ = {
			isa = PBXProject;
			attributes = {
				CLASSPREFIX = CS;
				LastUpgradeCheck = 0440;
				ORGANIZATIONNAME = "CoolStar Organization";
			};
			buildConfigurationList = 389BCCEF169010CF00877CA5 /* Build configuration list for PBXProject "RecordMyScreen" */;
			compatibilityVersion = "Xcode 3.2";
			developmentRegion = English;
			hasScannedForEncodings = 0;
			knownRegions = (
				en,
			);
			mainGroup = 389BCCEA169010CF00877CA5;
			productRefGroup = 389BCCF6169010CF00877CA5 /* Products */;
			projectDirPath = "";
			projectRoot = "";
			targets = (
				389BCCF4169010CF00877CA5 /* RecordMyScreen */,
			);
		};
/* End PBXProject section */

/* Begin PBXResourcesBuildPhase section */
		389BCCF3169010CF00877CA5 /* Resources */ = {
			isa = PBXResourcesBuildPhase;
			buildActionMask = 2147483647;
			files = (
				389BCD04169010CF00877CA5 /* InfoPlist.strings in Resources */,
				389BCD2F1690113900877CA5 /* CSRecordViewController.xib in Resources */,
				382758E21690DEAA000D537C /* video.png in Resources */,
				382758E31690DEAA000D537C /* video@2x.png in Resources */,
				382758EA1690E745000D537C /* side_top.png in Resources */,
				382758EB1690E745000D537C /* side_top@2x.png in Resources */,
				382758EF1690EF45000D537C /* lens.png in Resources */,
				382758F11690F307000D537C /* Default-568h@2x.png in Resources */,
				38114EE11693D99800BE64B4 /* lens@2x.png in Resources */,
				38114EE81693DAC600BE64B4 /* icon.png in Resources */,
				38114EE91693DAC900BE64B4 /* icon@2x.png in Resources */,
				38114EEF1693E51C00BE64B4 /* icon~ipad@2x.png in Resources */,
				38114EF11693E52C00BE64B4 /* icon~ipad.png in Resources */,
			);
			runOnlyForDeploymentPostprocessing = 0;
		};
/* End PBXResourcesBuildPhase section */

/* Begin PBXSourcesBuildPhase section */
		389BCCF1169010CF00877CA5 /* Sources */ = {
			isa = PBXSourcesBuildPhase;
			buildActionMask = 2147483647;
			files = (
				389BCD06169010CF00877CA5 /* main.m in Sources */,
				389BCD0A169010CF00877CA5 /* CSAppDelegate.m in Sources */,
				389BCD2E1690113900877CA5 /* CSRecordViewController.m in Sources */,
				382758E71690E0EE000D537C /* CSRecordingListViewController.m in Sources */,
			);
			runOnlyForDeploymentPostprocessing = 0;
		};
/* End PBXSourcesBuildPhase section */

/* Begin PBXVariantGroup section */
		389BCD02169010CF00877CA5 /* InfoPlist.strings */ = {
			isa = PBXVariantGroup;
			children = (
				389BCD03169010CF00877CA5 /* en */,
			);
			name = InfoPlist.strings;
			sourceTree = "<group>";
		};
/* End PBXVariantGroup section */

/* Begin XCBuildConfiguration section */
		389BCD25169010CF00877CA5 /* Debug */ = {
			isa = XCBuildConfiguration;
			buildSettings = {
				ALWAYS_SEARCH_USER_PATHS = NO;
				ARCHS = "$(ARCHS_STANDARD_32_BIT)";
				CLANG_CXX_LANGUAGE_STANDARD = "gnu++0x";
				CLANG_WARN__DUPLICATE_METHOD_MATCH = YES;
				"CODE_SIGN_IDENTITY[sdk=iphoneos*]" = "iPhone Developer";
				COPY_PHASE_STRIP = NO;
				FRAMEWORK_SEARCH_PATHS = "$(SDK_DIR)/System/Library/PrivateFrameworks";
				GCC_C_LANGUAGE_STANDARD = gnu99;
				GCC_DYNAMIC_NO_PIC = NO;
				GCC_OPTIMIZATION_LEVEL = 0;
				GCC_PREPROCESSOR_DEFINITIONS = (
					"DEBUG=1",
					"$(inherited)",
				);
				GCC_SYMBOLS_PRIVATE_EXTERN = NO;
				GCC_VERSION = com.apple.compilers.llvm.clang.1_0;
				GCC_WARN_ABOUT_RETURN_TYPE = YES;
				GCC_WARN_UNINITIALIZED_AUTOS = YES;
				GCC_WARN_UNUSED_VARIABLE = YES;
				HEADER_SEARCH_PATHS = "RecordMyScreen/headers/**";
				IPHONEOS_DEPLOYMENT_TARGET = 5.1;
				OTHER_LDFLAGS = (
					"-framework",
					IOSurface,
					"-framework",
					CoreSurface,
					"-framework",
					IOMobileFramebuffer,
					"-framework",
					IOKit,
				);
				SDKROOT = iphoneos;
				TARGETED_DEVICE_FAMILY = "1,2";
			};
			name = Debug;
		};
		389BCD26169010CF00877CA5 /* Release */ = {
			isa = XCBuildConfiguration;
			buildSettings = {
				ALWAYS_SEARCH_USER_PATHS = NO;
				ARCHS = "$(ARCHS_STANDARD_32_BIT)";
				CLANG_CXX_LANGUAGE_STANDARD = "gnu++0x";
				CLANG_WARN__DUPLICATE_METHOD_MATCH = YES;
				"CODE_SIGN_IDENTITY[sdk=iphoneos*]" = "iPhone Developer";
				COPY_PHASE_STRIP = YES;
				FRAMEWORK_SEARCH_PATHS = "$(SDK_DIR)/System/Library/PrivateFrameworks";
				GCC_C_LANGUAGE_STANDARD = gnu99;
				GCC_VERSION = com.apple.compilers.llvm.clang.1_0;
				GCC_WARN_ABOUT_RETURN_TYPE = YES;
				GCC_WARN_UNINITIALIZED_AUTOS = YES;
				GCC_WARN_UNUSED_VARIABLE = YES;
				HEADER_SEARCH_PATHS = "RecordMyScreen/headers/**";
				IPHONEOS_DEPLOYMENT_TARGET = 5.1;
				OTHER_CFLAGS = "-DNS_BLOCK_ASSERTIONS=1";
				OTHER_LDFLAGS = (
					"-framework",
					IOSurface,
					"-framework",
					CoreSurface,
					"-framework",
					IOMobileFramebuffer,
					"-framework",
					IOKit,
				);
				SDKROOT = iphoneos;
				TARGETED_DEVICE_FAMILY = "1,2";
				VALIDATE_PRODUCT = YES;
			};
			name = Release;
		};
		389BCD28169010CF00877CA5 /* Debug */ = {
			isa = XCBuildConfiguration;
			buildSettings = {
				GCC_PRECOMPILE_PREFIX_HEADER = YES;
				GCC_PREFIX_HEADER = "RecordMyScreen/RecordMyScreen-Prefix.pch";
				INFOPLIST_FILE = "RecordMyScreen/RecordMyScreen-Info.plist";
				IPHONEOS_DEPLOYMENT_TARGET = 5.0;
				PRODUCT_NAME = "$(TARGET_NAME)";
				WRAPPER_EXTENSION = app;
			};
			name = Debug;
		};
		389BCD29169010CF00877CA5 /* Release */ = {
			isa = XCBuildConfiguration;
			buildSettings = {
				GCC_PRECOMPILE_PREFIX_HEADER = YES;
				GCC_PREFIX_HEADER = "RecordMyScreen/RecordMyScreen-Prefix.pch";
				INFOPLIST_FILE = "RecordMyScreen/RecordMyScreen-Info.plist";
				IPHONEOS_DEPLOYMENT_TARGET = 5.0;
				PRODUCT_NAME = "$(TARGET_NAME)";
				WRAPPER_EXTENSION = app;
			};
			name = Release;
		};
/* End XCBuildConfiguration section */

/* Begin XCConfigurationList section */
		389BCCEF169010CF00877CA5 /* Build configuration list for PBXProject "RecordMyScreen" */ = {
			isa = XCConfigurationList;
			buildConfigurations = (
				389BCD25169010CF00877CA5 /* Debug */,
				389BCD26169010CF00877CA5 /* Release */,
			);
			defaultConfigurationIsVisible = 0;
			defaultConfigurationName = Release;
		};
		389BCD27169010CF00877CA5 /* Build configuration list for PBXNativeTarget "RecordMyScreen" */ = {
			isa = XCConfigurationList;
			buildConfigurations = (
				389BCD28169010CF00877CA5 /* Debug */,
				389BCD29169010CF00877CA5 /* Release */,
			);
			defaultConfigurationIsVisible = 0;
			defaultConfigurationName = Release;
		};
/* End XCConfigurationList section */
	};
	rootObject = 389BCCEC169010CF00877CA5 /* Project object */;
}
